# This file was autogenerated by Stack.
# You should not edit this file by hand.
# For more information, please see the documentation at:
#   https://docs.haskellstack.org/en/stable/topics/lock_files

packages:
- completed:
    hackage: string-convert-4.0.0.1@sha256:601a753c3761a4e41bf5944236a811ea133e5abef3502ecc49e2ee2e8834acbd,1271
    pantry-tree:
      sha256: 0129a62702eed8ca29da70f1714f140f3ea7cf0e59579bd92993da8c27199ecb
      size: 272
  original:
    hackage: string-convert-4.0.0.1@sha256:601a753c3761a4e41bf5944236a811ea133e5abef3502ecc49e2ee2e8834acbd,1271
snapshots:
- completed:
    sha256: 296a7960c37efa382432ab497161a092684191815eb92a608c5d6ea5f894ace3
    size: 683835
    url: https://mirrors.tuna.tsinghua.edu.cn/stackage/stackage-snapshots/lts/23/19.yaml
  original:
    url: https://mirrors.tuna.tsinghua.edu.cn/stackage/stackage-snapshots/lts/23/19.yaml
